{
  "name": "ng-console",
  "version": "1.0.0",
  "lockfileVersion": 1,
  "requires": true,
  "dependencies": {
    "@types/node": {
      "version": "14.14.6",
      "resolved": "https://zoominfo.jfrog.io/artifactory/api/npm/virtual-npm/@types/node/-/node-14.14.6.tgz",
      "integrity": "sha1-FG09pXs8Y2zA0XaTls4c+omRFH8=",
      "dev": true
    },
    "typescript": {
      "version": "4.0.5",
      "resolved": "https://zoominfo.jfrog.io/artifactory/api/npm/virtual-npm/typescript/-/typescript-4.0.5.tgz",
      "integrity": "sha1-rp3d/RBp8ctb6z7zshcN18EzI4k=",
      "dev": true
    }
  }
}
